
Microsoft Visual Studio Solution File, Format Version 12.00
# Visual Studio Version 17
VisualStudioVersion = 17.9.34723.18
MinimumVisualStudioVersion = 10.0.40219.1
Project("{2150E333-8FDC-42A3-9474-1A3956D46DE8}") = "1 - Application", "1 - Application", "{FA4564B7-BB99-410A-910F-4F86FA9C2209}"
EndProject
Project("{9A19103F-16F7-4668-BE54-9A1E7A4F7556}") = "Api", "API\Api.csproj", "{03DD3140-E291-4F73-B3CF-F4D4B7A4FF0F}"
EndProject
Project("{9A19103F-16F7-4668-BE54-9A1E7A4F7556}") = "Configuration", "Configuration\Configuration.csproj", "{A00ABFBC-FC76-4F70-8F73-EE9EB362AB2A}"
EndProject
Project("{2150E333-8FDC-42A3-9474-1A3956D46DE8}") = "3 - Infrastructure", "3 - Infrastructure", "{FEF50062-B435-498E-A896-742D737D3228}"
EndProject
Project("{2150E333-8FDC-42A3-9474-1A3956D46DE8}") = "3.1 - Data", "3.1 - Data", "{B5E93728-7E76-444B-9FCF-727F7479C536}"
EndProject
Project("{2150E333-8FDC-42A3-9474-1A3956D46DE8}") = "3.2 - CrossCutting", "3.2 - CrossCutting", "{024E733F-1F95-42FD-82A3-62EA99EDC233}"
EndProject
Project("{9A19103F-16F7-4668-BE54-9A1E7A4F7556}") = "IoC", "IoC\IoC.csproj", "{655B7D6C-6135-468A-8CD8-F959BD66BC75}"
EndProject
Project("{FAE04EC0-301F-11D3-BF4B-00C04F79EFBC}") = "Application", "Application\Application.csproj", "{D9FF6A4D-E39C-4F98-9BC4-80391C109058}"
EndProject
Project("{FAE04EC0-301F-11D3-BF4B-00C04F79EFBC}") = "Data", "Data\Data.csproj", "{9992BECB-694C-4AF3-A4B4-3798F30E128C}"
EndProject
Project("{2150E333-8FDC-42A3-9474-1A3956D46DE8}") = "2 - Domain", "2 - Domain", "{900A2B1B-1F84-4875-B506-D8ED740A4D1D}"
EndProject
Project("{FAE04EC0-301F-11D3-BF4B-00C04F79EFBC}") = "Domain", "Domain\Domain.csproj", "{B54D9BF7-32F8-4869-8BF5-78F8958DC803}"
EndProject
Global
	GlobalSection(SolutionConfigurationPlatforms) = preSolution
		Debug|Any CPU = Debug|Any CPU
		Release|Any CPU = Release|Any CPU
	EndGlobalSection
	GlobalSection(ProjectConfigurationPlatforms) = postSolution
		{03DD3140-E291-4F73-B3CF-F4D4B7A4FF0F}.Debug|Any CPU.ActiveCfg = Debug|Any CPU
		{03DD3140-E291-4F73-B3CF-F4D4B7A4FF0F}.Debug|Any CPU.Build.0 = Debug|Any CPU
		{03DD3140-E291-4F73-B3CF-F4D4B7A4FF0F}.Release|Any CPU.ActiveCfg = Release|Any CPU
		{03DD3140-E291-4F73-B3CF-F4D4B7A4FF0F}.Release|Any CPU.Build.0 = Release|Any CPU
		{A00ABFBC-FC76-4F70-8F73-EE9EB362AB2A}.Debug|Any CPU.ActiveCfg = Debug|Any CPU
		{A00ABFBC-FC76-4F70-8F73-EE9EB362AB2A}.Debug|Any CPU.Build.0 = Debug|Any CPU
		{A00ABFBC-FC76-4F70-8F73-EE9EB362AB2A}.Release|Any CPU.ActiveCfg = Release|Any CPU
		{A00ABFBC-FC76-4F70-8F73-EE9EB362AB2A}.Release|Any CPU.Build.0 = Release|Any CPU
		{655B7D6C-6135-468A-8CD8-F959BD66BC75}.Debug|Any CPU.ActiveCfg = Debug|Any CPU
		{655B7D6C-6135-468A-8CD8-F959BD66BC75}.Debug|Any CPU.Build.0 = Debug|Any CPU
		{655B7D6C-6135-468A-8CD8-F959BD66BC75}.Release|Any CPU.ActiveCfg = Release|Any CPU
		{655B7D6C-6135-468A-8CD8-F959BD66BC75}.Release|Any CPU.Build.0 = Release|Any CPU
		{D9FF6A4D-E39C-4F98-9BC4-80391C109058}.Debug|Any CPU.ActiveCfg = Debug|Any CPU
		{D9FF6A4D-E39C-4F98-9BC4-80391C109058}.Debug|Any CPU.Build.0 = Debug|Any CPU
		{D9FF6A4D-E39C-4F98-9BC4-80391C109058}.Release|Any CPU.ActiveCfg = Release|Any CPU
		{D9FF6A4D-E39C-4F98-9BC4-80391C109058}.Release|Any CPU.Build.0 = Release|Any CPU
		{9992BECB-694C-4AF3-A4B4-3798F30E128C}.Debug|Any CPU.ActiveCfg = Debug|Any CPU
		{9992BECB-694C-4AF3-A4B4-3798F30E128C}.Debug|Any CPU.Build.0 = Debug|Any CPU
		{9992BECB-694C-4AF3-A4B4-3798F30E128C}.Release|Any CPU.ActiveCfg = Release|Any CPU
		{9992BECB-694C-4AF3-A4B4-3798F30E128C}.Release|Any CPU.Build.0 = Release|Any CPU
		{B54D9BF7-32F8-4869-8BF5-78F8958DC803}.Debug|Any CPU.ActiveCfg = Debug|Any CPU
		{B54D9BF7-32F8-4869-8BF5-78F8958DC803}.Debug|Any CPU.Build.0 = Debug|Any CPU
		{B54D9BF7-32F8-4869-8BF5-78F8958DC803}.Release|Any CPU.ActiveCfg = Release|Any CPU
		{B54D9BF7-32F8-4869-8BF5-78F8958DC803}.Release|Any CPU.Build.0 = Release|Any CPU
	EndGlobalSection
	GlobalSection(SolutionProperties) = preSolution
		HideSolutionNode = FALSE
	EndGlobalSection
	GlobalSection(NestedProjects) = preSolution
		{03DD3140-E291-4F73-B3CF-F4D4B7A4FF0F} = {FA4564B7-BB99-410A-910F-4F86FA9C2209}
		{A00ABFBC-FC76-4F70-8F73-EE9EB362AB2A} = {FA4564B7-BB99-410A-910F-4F86FA9C2209}
		{B5E93728-7E76-444B-9FCF-727F7479C536} = {FEF50062-B435-498E-A896-742D737D3228}
		{024E733F-1F95-42FD-82A3-62EA99EDC233} = {FEF50062-B435-498E-A896-742D737D3228}
		{655B7D6C-6135-468A-8CD8-F959BD66BC75} = {024E733F-1F95-42FD-82A3-62EA99EDC233}
		{D9FF6A4D-E39C-4F98-9BC4-80391C109058} = {FA4564B7-BB99-410A-910F-4F86FA9C2209}
		{9992BECB-694C-4AF3-A4B4-3798F30E128C} = {B5E93728-7E76-444B-9FCF-727F7479C536}
		{B54D9BF7-32F8-4869-8BF5-78F8958DC803} = {900A2B1B-1F84-4875-B506-D8ED740A4D1D}
	EndGlobalSection
	GlobalSection(ExtensibilityGlobals) = postSolution
		SolutionGuid = {48206703-6EC2-49C3-B882-4AD2794FAC48}
	EndGlobalSection
EndGlobal
