
Microsoft Visual Studio Solution File, Format Version 12.00
# Visual Studio Version 17
VisualStudioVersion = 17.5.002.0
MinimumVisualStudioVersion = 10.0.40219.1
Project("{9A19103F-16F7-4668-BE54-9A1E7A4F7556}") = "Api", "Api.csproj", "{65ACDBC3-ACF9-4708-95B6-8B75DE549DEC}"
EndProject
Global
	GlobalSection(SolutionConfigurationPlatforms) = preSolution
		Debug|Any CPU = Debug|Any CPU
		Release|Any CPU = Release|Any CPU
	EndGlobalSection
	GlobalSection(ProjectConfigurationPlatforms) = postSolution
		{65ACDBC3-ACF9-4708-95B6-8B75DE549DEC}.Debug|Any CPU.ActiveCfg = Debug|Any CPU
		{65ACDBC3-ACF9-4708-95B6-8B75DE549DEC}.Debug|Any CPU.Build.0 = Debug|Any CPU
		{65ACDBC3-ACF9-4708-95B6-8B75DE549DEC}.Release|Any CPU.ActiveCfg = Release|Any CPU
		{65ACDBC3-ACF9-4708-95B6-8B75DE549DEC}.Release|Any CPU.Build.0 = Release|Any CPU
	EndGlobalSection
	GlobalSection(SolutionProperties) = preSolution
		HideSolutionNode = FALSE
	EndGlobalSection
	GlobalSection(ExtensibilityGlobals) = postSolution
		SolutionGuid = {24C024ED-A341-45A3-AECE-50D7A77E0DA7}
	EndGlobalSection
EndGlobal
